
Microsoft Visual Studio Solution File, Format Version 12.00
# Visual Studio Version 16
VisualStudioVersion = 16.0.29926.136
MinimumVisualStudioVersion = 10.0.40219.1
Project("{FAE04EC0-301F-11D3-BF4B-00C04F79EFBC}") = "JannoTestApp1.Android", "JannoTestApp1\JannoTestApp1.Android\JannoTestApp1.Android.csproj", "{51EBD5CA-5B32-4099-985B-37BC314ED2FD}"
EndProject
Project("{FAE04EC0-301F-11D3-BF4B-00C04F79EFBC}") = "JannoTestApp1.iOS", "JannoTestApp1\JannoTestApp1.iOS\JannoTestApp1.iOS.csproj", "{2BA0BC3B-8FB0-4CF3-8FEF-5D8B7A43545A}"
EndProject
Project("{FAE04EC0-301F-11D3-BF4B-00C04F79EFBC}") = "JannoTestApp1", "JannoTestApp1\JannoTestApp1\JannoTestApp1.csproj", "{4D286104-40F0-4369-A23D-846111B8D331}"
EndProject
Global
	GlobalSection(SolutionConfigurationPlatforms) = preSolution
		Debug|Any CPU = Debug|Any CPU
		Debug|iPhone = Debug|iPhone
		Debug|iPhoneSimulator = Debug|iPhoneSimulator
		Release|Any CPU = Release|Any CPU
		Release|iPhone = Release|iPhone
		Release|iPhoneSimulator = Release|iPhoneSimulator
	EndGlobalSection
	GlobalSection(ProjectConfigurationPlatforms) = postSolution
		{51EBD5CA-5B32-4099-985B-37BC314ED2FD}.Debug|Any CPU.ActiveCfg = Debug|Any CPU
		{51EBD5CA-5B32-4099-985B-37BC314ED2FD}.Debug|Any CPU.Build.0 = Debug|Any CPU
		{51EBD5CA-5B32-4099-985B-37BC314ED2FD}.Debug|Any CPU.Deploy.0 = Debug|Any CPU
		{51EBD5CA-5B32-4099-985B-37BC314ED2FD}.Debug|iPhone.ActiveCfg = Debug|Any CPU
		{51EBD5CA-5B32-4099-985B-37BC314ED2FD}.Debug|iPhone.Build.0 = Debug|Any CPU
		{51EBD5CA-5B32-4099-985B-37BC314ED2FD}.Debug|iPhone.Deploy.0 = Debug|Any CPU
		{51EBD5CA-5B32-4099-985B-37BC314ED2FD}.Debug|iPhoneSimulator.ActiveCfg = Debug|Any CPU
		{51EBD5CA-5B32-4099-985B-37BC314ED2FD}.Debug|iPhoneSimulator.Build.0 = Debug|Any CPU
		{51EBD5CA-5B32-4099-985B-37BC314ED2FD}.Debug|iPhoneSimulator.Deploy.0 = Debug|Any CPU
		{51EBD5CA-5B32-4099-985B-37BC314ED2FD}.Release|Any CPU.ActiveCfg = Release|Any CPU
		{51EBD5CA-5B32-4099-985B-37BC314ED2FD}.Release|Any CPU.Build.0 = Release|Any CPU
		{51EBD5CA-5B32-4099-985B-37BC314ED2FD}.Release|Any CPU.Deploy.0 = Release|Any CPU
		{51EBD5CA-5B32-4099-985B-37BC314ED2FD}.Release|iPhone.ActiveCfg = Release|Any CPU
		{51EBD5CA-5B32-4099-985B-37BC314ED2FD}.Release|iPhone.Build.0 = Release|Any CPU
		{51EBD5CA-5B32-4099-985B-37BC314ED2FD}.Release|iPhone.Deploy.0 = Release|Any CPU
		{51EBD5CA-5B32-4099-985B-37BC314ED2FD}.Release|iPhoneSimulator.ActiveCfg = Release|Any CPU
		{51EBD5CA-5B32-4099-985B-37BC314ED2FD}.Release|iPhoneSimulator.Build.0 = Release|Any CPU
		{51EBD5CA-5B32-4099-985B-37BC314ED2FD}.Release|iPhoneSimulator.Deploy.0 = Release|Any CPU
		{2BA0BC3B-8FB0-4CF3-8FEF-5D8B7A43545A}.Debug|Any CPU.ActiveCfg = Debug|iPhone
		{2BA0BC3B-8FB0-4CF3-8FEF-5D8B7A43545A}.Debug|Any CPU.Build.0 = Debug|iPhone
		{2BA0BC3B-8FB0-4CF3-8FEF-5D8B7A43545A}.Debug|Any CPU.Deploy.0 = Debug|iPhone
		{2BA0BC3B-8FB0-4CF3-8FEF-5D8B7A43545A}.Debug|iPhone.ActiveCfg = Debug|iPhone
		{2BA0BC3B-8FB0-4CF3-8FEF-5D8B7A43545A}.Debug|iPhone.Build.0 = Debug|iPhone
		{2BA0BC3B-8FB0-4CF3-8FEF-5D8B7A43545A}.Debug|iPhone.Deploy.0 = Debug|iPhone
		{2BA0BC3B-8FB0-4CF3-8FEF-5D8B7A43545A}.Debug|iPhoneSimulator.ActiveCfg = Debug|iPhoneSimulator
		{2BA0BC3B-8FB0-4CF3-8FEF-5D8B7A43545A}.Debug|iPhoneSimulator.Build.0 = Debug|iPhoneSimulator
		{2BA0BC3B-8FB0-4CF3-8FEF-5D8B7A43545A}.Debug|iPhoneSimulator.Deploy.0 = Debug|iPhoneSimulator
		{2BA0BC3B-8FB0-4CF3-8FEF-5D8B7A43545A}.Release|Any CPU.ActiveCfg = Release|iPhone
		{2BA0BC3B-8FB0-4CF3-8FEF-5D8B7A43545A}.Release|Any CPU.Build.0 = Release|iPhone
		{2BA0BC3B-8FB0-4CF3-8FEF-5D8B7A43545A}.Release|Any CPU.Deploy.0 = Release|iPhone
		{2BA0BC3B-8FB0-4CF3-8FEF-5D8B7A43545A}.Release|iPhone.ActiveCfg = Release|iPhone
		{2BA0BC3B-8FB0-4CF3-8FEF-5D8B7A43545A}.Release|iPhone.Build.0 = Release|iPhone
		{2BA0BC3B-8FB0-4CF3-8FEF-5D8B7A43545A}.Release|iPhone.Deploy.0 = Release|iPhone
		{2BA0BC3B-8FB0-4CF3-8FEF-5D8B7A43545A}.Release|iPhoneSimulator.ActiveCfg = Release|iPhoneSimulator
		{2BA0BC3B-8FB0-4CF3-8FEF-5D8B7A43545A}.Release|iPhoneSimulator.Build.0 = Release|iPhoneSimulator
		{2BA0BC3B-8FB0-4CF3-8FEF-5D8B7A43545A}.Release|iPhoneSimulator.Deploy.0 = Release|iPhoneSimulator
		{4D286104-40F0-4369-A23D-846111B8D331}.Debug|Any CPU.ActiveCfg = Debug|Any CPU
		{4D286104-40F0-4369-A23D-846111B8D331}.Debug|Any CPU.Build.0 = Debug|Any CPU
		{4D286104-40F0-4369-A23D-846111B8D331}.Debug|Any CPU.Deploy.0 = Debug|Any CPU
		{4D286104-40F0-4369-A23D-846111B8D331}.Debug|iPhone.ActiveCfg = Debug|Any CPU
		{4D286104-40F0-4369-A23D-846111B8D331}.Debug|iPhone.Build.0 = Debug|Any CPU
		{4D286104-40F0-4369-A23D-846111B8D331}.Debug|iPhone.Deploy.0 = Debug|Any CPU
		{4D286104-40F0-4369-A23D-846111B8D331}.Debug|iPhoneSimulator.ActiveCfg = Debug|Any CPU
		{4D286104-40F0-4369-A23D-846111B8D331}.Debug|iPhoneSimulator.Build.0 = Debug|Any CPU
		{4D286104-40F0-4369-A23D-846111B8D331}.Debug|iPhoneSimulator.Deploy.0 = Debug|Any CPU
		{4D286104-40F0-4369-A23D-846111B8D331}.Release|Any CPU.ActiveCfg = Release|Any CPU
		{4D286104-40F0-4369-A23D-846111B8D331}.Release|Any CPU.Build.0 = Release|Any CPU
		{4D286104-40F0-4369-A23D-846111B8D331}.Release|Any CPU.Deploy.0 = Release|Any CPU
		{4D286104-40F0-4369-A23D-846111B8D331}.Release|iPhone.ActiveCfg = Release|Any CPU
		{4D286104-40F0-4369-A23D-846111B8D331}.Release|iPhone.Build.0 = Release|Any CPU
		{4D286104-40F0-4369-A23D-846111B8D331}.Release|iPhone.Deploy.0 = Release|Any CPU
		{4D286104-40F0-4369-A23D-846111B8D331}.Release|iPhoneSimulator.ActiveCfg = Release|Any CPU
		{4D286104-40F0-4369-A23D-846111B8D331}.Release|iPhoneSimulator.Build.0 = Release|Any CPU
		{4D286104-40F0-4369-A23D-846111B8D331}.Release|iPhoneSimulator.Deploy.0 = Release|Any CPU
	EndGlobalSection
	GlobalSection(SolutionProperties) = preSolution
		HideSolutionNode = FALSE
	EndGlobalSection
	GlobalSection(ExtensibilityGlobals) = postSolution
		SolutionGuid = {8D9C88DC-0139-45C4-A15B-1F12125CCFC5}
	EndGlobalSection
EndGlobal
